
Microsoft Visual Studio Solution File, Format Version 12.00
# Visual Studio Version 16
VisualStudioVersion = 16.0.29215.179
MinimumVisualStudioVersion = 10.0.40219.1
Project("{FAE04EC0-301F-11D3-BF4B-00C04F79EFBC}") = "RandomSquaresExercise", "RandomSquaresExercise\RandomSquaresExercise.csproj", "{F209B1C9-CD87-47FF-B39F-5FB64D3E14FC}"
EndProject
Global
	GlobalSection(SolutionConfigurationPlatforms) = preSolution
		Debug|Any CPU = Debug|Any CPU
		Release|Any CPU = Release|Any CPU
	EndGlobalSection
	GlobalSection(ProjectConfigurationPlatforms) = postSolution
		{F209B1C9-CD87-47FF-B39F-5FB64D3E14FC}.Debug|Any CPU.ActiveCfg = Debug|Any CPU
		{F209B1C9-CD87-47FF-B39F-5FB64D3E14FC}.Debug|Any CPU.Build.0 = Debug|Any CPU
		{F209B1C9-CD87-47FF-B39F-5FB64D3E14FC}.Release|Any CPU.ActiveCfg = Release|Any CPU
		{F209B1C9-CD87-47FF-B39F-5FB64D3E14FC}.Release|Any CPU.Build.0 = Release|Any CPU
	EndGlobalSection
	GlobalSection(SolutionProperties) = preSolution
		HideSolutionNode = FALSE
	EndGlobalSection
	GlobalSection(ExtensibilityGlobals) = postSolution
		SolutionGuid = {AA4A7B36-EF42-4CD7-81AC-C703F8CE4F3D}
	EndGlobalSection
EndGlobal
